
Microsoft Visual Studio Solution File, Format Version 12.00
# Visual Studio Version 17
VisualStudioVersion = 17.5.33530.505
MinimumVisualStudioVersion = 10.0.40219.1
Project("{FAE04EC0-301F-11D3-BF4B-00C04F79EFBC}") = "Test", "Test\Test.csproj", "{8E07C422-C824-45C1-9DDD-7243EA33F906}"
EndProject
Project("{2150E333-8FDC-42A3-9474-1A3956D46DE8}") = "Solution Items", "Solution Items", "{CBE9FD59-D156-4C3B-92E5-8933789BA80F}"
	ProjectSection(SolutionItems) = preProject
		.editorconfig = .editorconfig
	EndProjectSection
EndProject
Global
	GlobalSection(SolutionConfigurationPlatforms) = preSolution
		Debug|Any CPU = Debug|Any CPU
		Release|Any CPU = Release|Any CPU
	EndGlobalSection
	GlobalSection(ProjectConfigurationPlatforms) = postSolution
		{8E07C422-C824-45C1-9DDD-7243EA33F906}.Debug|Any CPU.ActiveCfg = Debug|Any CPU
		{8E07C422-C824-45C1-9DDD-7243EA33F906}.Debug|Any CPU.Build.0 = Debug|Any CPU
		{8E07C422-C824-45C1-9DDD-7243EA33F906}.Release|Any CPU.ActiveCfg = Release|Any CPU
		{8E07C422-C824-45C1-9DDD-7243EA33F906}.Release|Any CPU.Build.0 = Release|Any CPU
	EndGlobalSection
	GlobalSection(SolutionProperties) = preSolution
		HideSolutionNode = FALSE
	EndGlobalSection
	GlobalSection(ExtensibilityGlobals) = postSolution
		SolutionGuid = {9F0F33A1-7EEF-4808-A033-CE6C2B11CCA1}
	EndGlobalSection
EndGlobal
